# This file is generated by running "yarn install" inside your project.
# Manual changes might be lost - proceed with caution!

__metadata:
  version: 8
  cacheKey: 10c0

"react@npm:^19.1.1":
  version: 19.1.1
  resolution: "react@npm:19.1.1"
  checksum: 10c0/8c9769a2dfd02e603af6445058325e6c8a24b47b185d0e461f66a6454765ddcaecb3f0a90184836c68bb509f3c38248359edbc42f0d07c23eb500a5c30c87b4e
  languageName: node
  linkType: hard

"repo_subscribe_test@workspace:.":
  version: 0.0.0-use.local
  resolution: "repo_subscribe_test@workspace:."
  dependencies:
    react: "npm:^19.1.1"
  languageName: unknown
  linkType: soft
